
Microsoft Visual Studio Solution File, Format Version 12.00
# Visual Studio Version 17
VisualStudioVersion = 17.14.36518.9
MinimumVisualStudioVersion = 10.0.40219.1
Project("{FAE04EC0-301F-11D3-BF4B-00C04F79EFBC}") = "Referat", "Referat\Referat.csproj", "{FF0CBBCE-6E19-4F0D-B92F-36D1941BF1BD}"
EndProject
Project("{FAE04EC0-301F-11D3-BF4B-00C04F79EFBC}") = "MyForm", "MyForm\MyForm.csproj", "{EBB51ED5-77E9-480A-BEFD-56FC97DAB5D7}"
EndProject
Project("{FAE04EC0-301F-11D3-BF4B-00C04F79EFBC}") = "ClassLib", "ClassLib\ClassLib.csproj", "{C6E43580-D9B6-4926-AA8B-177A0E3F3134}"
EndProject
Project("{FAE04EC0-301F-11D3-BF4B-00C04F79EFBC}") = "My tests", "My tests\My tests.csproj", "{2155CB67-F82E-48AF-92A6-57E8227ACA46}"
EndProject
Global
	GlobalSection(SolutionConfigurationPlatforms) = preSolution
		Debug|Any CPU = Debug|Any CPU
		Release|Any CPU = Release|Any CPU
	EndGlobalSection
	GlobalSection(ProjectConfigurationPlatforms) = postSolution
		{FF0CBBCE-6E19-4F0D-B92F-36D1941BF1BD}.Debug|Any CPU.ActiveCfg = Debug|Any CPU
		{FF0CBBCE-6E19-4F0D-B92F-36D1941BF1BD}.Debug|Any CPU.Build.0 = Debug|Any CPU
		{FF0CBBCE-6E19-4F0D-B92F-36D1941BF1BD}.Release|Any CPU.ActiveCfg = Release|Any CPU
		{FF0CBBCE-6E19-4F0D-B92F-36D1941BF1BD}.Release|Any CPU.Build.0 = Release|Any CPU
		{EBB51ED5-77E9-480A-BEFD-56FC97DAB5D7}.Debug|Any CPU.ActiveCfg = Debug|Any CPU
		{EBB51ED5-77E9-480A-BEFD-56FC97DAB5D7}.Debug|Any CPU.Build.0 = Debug|Any CPU
		{EBB51ED5-77E9-480A-BEFD-56FC97DAB5D7}.Release|Any CPU.ActiveCfg = Release|Any CPU
		{EBB51ED5-77E9-480A-BEFD-56FC97DAB5D7}.Release|Any CPU.Build.0 = Release|Any CPU
		{C6E43580-D9B6-4926-AA8B-177A0E3F3134}.Debug|Any CPU.ActiveCfg = Debug|Any CPU
		{C6E43580-D9B6-4926-AA8B-177A0E3F3134}.Debug|Any CPU.Build.0 = Debug|Any CPU
		{C6E43580-D9B6-4926-AA8B-177A0E3F3134}.Release|Any CPU.ActiveCfg = Release|Any CPU
		{C6E43580-D9B6-4926-AA8B-177A0E3F3134}.Release|Any CPU.Build.0 = Release|Any CPU
		{2155CB67-F82E-48AF-92A6-57E8227ACA46}.Debug|Any CPU.ActiveCfg = Debug|Any CPU
		{2155CB67-F82E-48AF-92A6-57E8227ACA46}.Debug|Any CPU.Build.0 = Debug|Any CPU
		{2155CB67-F82E-48AF-92A6-57E8227ACA46}.Release|Any CPU.ActiveCfg = Release|Any CPU
		{2155CB67-F82E-48AF-92A6-57E8227ACA46}.Release|Any CPU.Build.0 = Release|Any CPU
	EndGlobalSection
	GlobalSection(SolutionProperties) = preSolution
		HideSolutionNode = FALSE
	EndGlobalSection
	GlobalSection(ExtensibilityGlobals) = postSolution
		SolutionGuid = {97320F57-FEA8-4770-BBD3-D6D8CEBBD2A9}
	EndGlobalSection
EndGlobal
